
Microsoft Visual Studio Solution File, Format Version 12.00
# Visual Studio Version 17
VisualStudioVersion = 17.14.36127.28
MinimumVisualStudioVersion = 10.0.40219.1
Project("{FAE04EC0-301F-11D3-BF4B-00C04F79EFBC}") = "UsersManagement", "UsersManagement\UsersManagement.csproj", "{DC6349CD-5983-482E-9CF2-C680B7FBA437}"
EndProject
Global
	GlobalSection(SolutionConfigurationPlatforms) = preSolution
		Debug|Any CPU = Debug|Any CPU
		Release|Any CPU = Release|Any CPU
	EndGlobalSection
	GlobalSection(ProjectConfigurationPlatforms) = postSolution
		{DC6349CD-5983-482E-9CF2-C680B7FBA437}.Debug|Any CPU.ActiveCfg = Debug|Any CPU
		{DC6349CD-5983-482E-9CF2-C680B7FBA437}.Debug|Any CPU.Build.0 = Debug|Any CPU
		{DC6349CD-5983-482E-9CF2-C680B7FBA437}.Release|Any CPU.ActiveCfg = Release|Any CPU
		{DC6349CD-5983-482E-9CF2-C680B7FBA437}.Release|Any CPU.Build.0 = Release|Any CPU
	EndGlobalSection
	GlobalSection(SolutionProperties) = preSolution
		HideSolutionNode = FALSE
	EndGlobalSection
	GlobalSection(ExtensibilityGlobals) = postSolution
		SolutionGuid = {EB0CBE5A-353E-49A0-922B-55A48C70CB3D}
	EndGlobalSection
EndGlobal
